
Microsoft Visual Studio Solution File, Format Version 12.00
# Visual Studio Version 17
VisualStudioVersion = 17.0.31903.59
MinimumVisualStudioVersion = 10.0.40219.1
Project("{FAE04EC0-301F-11D3-BF4B-00C04F79EFBC}") = "create-tests.WebAPI", "create-tests.WebAPI\create-tests.WebAPI.csproj", "{8465F107-C233-42AF-A0AF-85B64F379F8E}"
EndProject
Global
	GlobalSection(SolutionConfigurationPlatforms) = preSolution
		Debug|Any CPU = Debug|Any CPU
		Release|Any CPU = Release|Any CPU
	EndGlobalSection
	GlobalSection(SolutionProperties) = preSolution
		HideSolutionNode = FALSE
	EndGlobalSection
	GlobalSection(ProjectConfigurationPlatforms) = postSolution
		{8465F107-C233-42AF-A0AF-85B64F379F8E}.Debug|Any CPU.ActiveCfg = Debug|Any CPU
		{8465F107-C233-42AF-A0AF-85B64F379F8E}.Debug|Any CPU.Build.0 = Debug|Any CPU
		{8465F107-C233-42AF-A0AF-85B64F379F8E}.Release|Any CPU.ActiveCfg = Release|Any CPU
		{8465F107-C233-42AF-A0AF-85B64F379F8E}.Release|Any CPU.Build.0 = Release|Any CPU
	EndGlobalSection
EndGlobal
