
Microsoft Visual Studio Solution File, Format Version 12.00
# Visual Studio Version 17
VisualStudioVersion = 17.0.31903.59
MinimumVisualStudioVersion = 10.0.40219.1
Project("{FAE04EC0-301F-11D3-BF4B-00C04F79EFBC}") = "create-tests.WebAPI", "create-tests.WebAPI\create-tests.WebAPI.csproj", "{8465F107-C233-42AF-A0AF-85B64F379F8E}"
EndProject
Project("{FAE04EC0-301F-11D3-BF4B-00C04F79EFBC}") = "create-test.Entities", "create-test.Entities\create-test.Entities.csproj", "{A9FEF11A-03B3-4909-8EC6-699F8DF7520C}"
EndProject
Project("{FAE04EC0-301F-11D3-BF4B-00C04F79EFBC}") = "create-test.Repository", "create-test.Repository\create-test.Repository.csproj", "{ED7F9A32-3B0B-45C0-9D2C-7EB0F98B46EB}"
EndProject
Project("{FAE04EC0-301F-11D3-BF4B-00C04F79EFBC}") = "create-test.Services", "create-test.Services\create-test.Services.csproj", "{03F416CA-5C49-4BAA-BA9C-411C986816F3}"
EndProject
Project("{FAE04EC0-301F-11D3-BF4B-00C04F79EFBC}") = "create-test.Shared", "create-test.Shared\create-test.Shared.csproj", "{F12C9600-9F15-49EB-8C57-5693A346FDD0}"
EndProject
Global
	GlobalSection(SolutionConfigurationPlatforms) = preSolution
		Debug|Any CPU = Debug|Any CPU
		Release|Any CPU = Release|Any CPU
	EndGlobalSection
	GlobalSection(SolutionProperties) = preSolution
		HideSolutionNode = FALSE
	EndGlobalSection
	GlobalSection(ProjectConfigurationPlatforms) = postSolution
		{8465F107-C233-42AF-A0AF-85B64F379F8E}.Debug|Any CPU.ActiveCfg = Debug|Any CPU
		{8465F107-C233-42AF-A0AF-85B64F379F8E}.Debug|Any CPU.Build.0 = Debug|Any CPU
		{8465F107-C233-42AF-A0AF-85B64F379F8E}.Release|Any CPU.ActiveCfg = Release|Any CPU
		{8465F107-C233-42AF-A0AF-85B64F379F8E}.Release|Any CPU.Build.0 = Release|Any CPU
		{A9FEF11A-03B3-4909-8EC6-699F8DF7520C}.Debug|Any CPU.ActiveCfg = Debug|Any CPU
		{A9FEF11A-03B3-4909-8EC6-699F8DF7520C}.Debug|Any CPU.Build.0 = Debug|Any CPU
		{A9FEF11A-03B3-4909-8EC6-699F8DF7520C}.Release|Any CPU.ActiveCfg = Release|Any CPU
		{A9FEF11A-03B3-4909-8EC6-699F8DF7520C}.Release|Any CPU.Build.0 = Release|Any CPU
		{ED7F9A32-3B0B-45C0-9D2C-7EB0F98B46EB}.Debug|Any CPU.ActiveCfg = Debug|Any CPU
		{ED7F9A32-3B0B-45C0-9D2C-7EB0F98B46EB}.Debug|Any CPU.Build.0 = Debug|Any CPU
		{ED7F9A32-3B0B-45C0-9D2C-7EB0F98B46EB}.Release|Any CPU.ActiveCfg = Release|Any CPU
		{ED7F9A32-3B0B-45C0-9D2C-7EB0F98B46EB}.Release|Any CPU.Build.0 = Release|Any CPU
		{03F416CA-5C49-4BAA-BA9C-411C986816F3}.Debug|Any CPU.ActiveCfg = Debug|Any CPU
		{03F416CA-5C49-4BAA-BA9C-411C986816F3}.Debug|Any CPU.Build.0 = Debug|Any CPU
		{03F416CA-5C49-4BAA-BA9C-411C986816F3}.Release|Any CPU.ActiveCfg = Release|Any CPU
		{03F416CA-5C49-4BAA-BA9C-411C986816F3}.Release|Any CPU.Build.0 = Release|Any CPU
		{F12C9600-9F15-49EB-8C57-5693A346FDD0}.Debug|Any CPU.ActiveCfg = Debug|Any CPU
		{F12C9600-9F15-49EB-8C57-5693A346FDD0}.Debug|Any CPU.Build.0 = Debug|Any CPU
		{F12C9600-9F15-49EB-8C57-5693A346FDD0}.Release|Any CPU.ActiveCfg = Release|Any CPU
		{F12C9600-9F15-49EB-8C57-5693A346FDD0}.Release|Any CPU.Build.0 = Release|Any CPU
	EndGlobalSection
EndGlobal
